
Microsoft Visual Studio Solution File, Format Version 11.00
# Visual Studio 2010
Project("{E24C65DC-7377-472B-9ABA-BC803B73C61A}") = "StudentPortal", ".", "{92B1269E-4354-49E8-B31E-F9A68D6B2E6E}"
	ProjectSection(WebsiteProperties) = preProject
		TargetFrameworkMoniker = ".NETFramework,Version%3Dv4.0"
		Debug.AspNetCompiler.VirtualPath = "/StudentPortal"
		Debug.AspNetCompiler.PhysicalPath = "..\StudentPortal\"
		Debug.AspNetCompiler.TargetPath = "PrecompiledWeb\StudentPortal\"
		Debug.AspNetCompiler.Updateable = "true"
		Debug.AspNetCompiler.ForceOverwrite = "true"
		Debug.AspNetCompiler.FixedNames = "false"
		Debug.AspNetCompiler.Debug = "True"
		Release.AspNetCompiler.VirtualPath = "/StudentPortal"
		Release.AspNetCompiler.PhysicalPath = "..\StudentPortal\"
		Release.AspNetCompiler.TargetPath = "PrecompiledWeb\StudentPortal\"
		Release.AspNetCompiler.Updateable = "true"
		Release.AspNetCompiler.ForceOverwrite = "true"
		Release.AspNetCompiler.FixedNames = "false"
		Release.AspNetCompiler.Debug = "False"
		VWDPort = "1586"
	EndProjectSection
EndProject
Global
	GlobalSection(SolutionConfigurationPlatforms) = preSolution
		Debug|Any CPU = Debug|Any CPU
	EndGlobalSection
	GlobalSection(ProjectConfigurationPlatforms) = postSolution
		{92B1269E-4354-49E8-B31E-F9A68D6B2E6E}.Debug|Any CPU.ActiveCfg = Debug|Any CPU
		{92B1269E-4354-49E8-B31E-F9A68D6B2E6E}.Debug|Any CPU.Build.0 = Debug|Any CPU
	EndGlobalSection
	GlobalSection(SolutionProperties) = preSolution
		HideSolutionNode = FALSE
	EndGlobalSection
EndGlobal
